{
  "pins" : [
    {
      "identity" : "ios-ssp-spm",
      "kind" : "remoteSourceControl",
      "location" : "https://github.com/Nasmedia-Tech/iOS-SSP-SPM.git",
      "state" : {
        "revision" : "37527cfa625858b62217305fd15c312eda585c47",
        "version" : "1.0.8"
      }
    }
  ],
  "version" : 2
}
